
Microsoft Visual Studio Solution File, Format Version 12.00
# Visual Studio 2013
VisualStudioVersion = 12.0.31101.0
MinimumVisualStudioVersion = 10.0.40219.1
Project("{FAE04EC0-301F-11D3-BF4B-00C04F79EFBC}") = "FirstExcelAddin", "FirstExcelAddin\FirstExcelAddin.csproj", "{EDB4E450-3F4B-4F92-9400-99FDEE5A9015}"
EndProject
Project("{6141683F-8A12-4E36-9623-2EB02B2C2303}") = "Setup", "Setup\Setup.isproj", "{B18D1A34-2B01-42A8-BECD-D06F273EC2D3}"
	ProjectSection(ProjectDependencies) = postProject
		{EDB4E450-3F4B-4F92-9400-99FDEE5A9015} = {EDB4E450-3F4B-4F92-9400-99FDEE5A9015}
	EndProjectSection
EndProject
Global
	GlobalSection(SolutionConfigurationPlatforms) = preSolution
		CD_ROM|Any CPU = CD_ROM|Any CPU
		Debug|Any CPU = Debug|Any CPU
		DVD-5|Any CPU = DVD-5|Any CPU
		Release|Any CPU = Release|Any CPU
		SingleImage|Any CPU = SingleImage|Any CPU
	EndGlobalSection
	GlobalSection(ProjectConfigurationPlatforms) = postSolution
		{EDB4E450-3F4B-4F92-9400-99FDEE5A9015}.CD_ROM|Any CPU.ActiveCfg = Release|Any CPU
		{EDB4E450-3F4B-4F92-9400-99FDEE5A9015}.CD_ROM|Any CPU.Build.0 = Release|Any CPU
		{EDB4E450-3F4B-4F92-9400-99FDEE5A9015}.Debug|Any CPU.ActiveCfg = Debug|Any CPU
		{EDB4E450-3F4B-4F92-9400-99FDEE5A9015}.Debug|Any CPU.Build.0 = Debug|Any CPU
		{EDB4E450-3F4B-4F92-9400-99FDEE5A9015}.DVD-5|Any CPU.ActiveCfg = Debug|Any CPU
		{EDB4E450-3F4B-4F92-9400-99FDEE5A9015}.DVD-5|Any CPU.Build.0 = Debug|Any CPU
		{EDB4E450-3F4B-4F92-9400-99FDEE5A9015}.Release|Any CPU.ActiveCfg = Release|Any CPU
		{EDB4E450-3F4B-4F92-9400-99FDEE5A9015}.Release|Any CPU.Build.0 = Release|Any CPU
		{EDB4E450-3F4B-4F92-9400-99FDEE5A9015}.SingleImage|Any CPU.ActiveCfg = Release|Any CPU
		{EDB4E450-3F4B-4F92-9400-99FDEE5A9015}.SingleImage|Any CPU.Build.0 = Release|Any CPU
		{B18D1A34-2B01-42A8-BECD-D06F273EC2D3}.CD_ROM|Any CPU.ActiveCfg = CD_ROM
		{B18D1A34-2B01-42A8-BECD-D06F273EC2D3}.CD_ROM|Any CPU.Build.0 = CD_ROM
		{B18D1A34-2B01-42A8-BECD-D06F273EC2D3}.Debug|Any CPU.ActiveCfg = DVD-5
		{B18D1A34-2B01-42A8-BECD-D06F273EC2D3}.Debug|Any CPU.Build.0 = DVD-5
		{B18D1A34-2B01-42A8-BECD-D06F273EC2D3}.DVD-5|Any CPU.ActiveCfg = DVD-5
		{B18D1A34-2B01-42A8-BECD-D06F273EC2D3}.DVD-5|Any CPU.Build.0 = DVD-5
		{B18D1A34-2B01-42A8-BECD-D06F273EC2D3}.Release|Any CPU.ActiveCfg = SingleImage
		{B18D1A34-2B01-42A8-BECD-D06F273EC2D3}.Release|Any CPU.Build.0 = SingleImage
		{B18D1A34-2B01-42A8-BECD-D06F273EC2D3}.SingleImage|Any CPU.ActiveCfg = SingleImage
		{B18D1A34-2B01-42A8-BECD-D06F273EC2D3}.SingleImage|Any CPU.Build.0 = SingleImage
	EndGlobalSection
	GlobalSection(SolutionProperties) = preSolution
		HideSolutionNode = FALSE
	EndGlobalSection
EndGlobal
